// !$*UTF8*$!
{
	archiveVersion = 1;
	classes = {
	};
	objectVersion = 50;
	objects = {

/* Begin PBXBuildFile section */
		FA06C37124478E690011D3D9 /* AppDelegate.swift in Sources */ = {isa = PBXBuildFile; fileRef = FA06C37024478E690011D3D9 /* AppDelegate.swift */; };
		FA06C37324478E690011D3D9 /* SceneDelegate.swift in Sources */ = {isa = PBXBuildFile; fileRef = FA06C37224478E690011D3D9 /* SceneDelegate.swift */; };
		FA06C37524478E690011D3D9 /* ViewController.swift in Sources */ = {isa = PBXBuildFile; fileRef = FA06C37424478E690011D3D9 /* ViewController.swift */; };
		FA06C37824478E690011D3D9 /* Main.storyboard in Resources */ = {isa = PBXBuildFile; fileRef = FA06C37624478E690011D3D9 /* Main.storyboard */; };
		FA06C37A24478E6D0011D3D9 /* Assets.xcassets in Resources */ = {isa = PBXBuildFile; fileRef = FA06C37924478E6D0011D3D9 /* Assets.xcassets */; };
		FA06C37D24478E6D0011D3D9 /* LaunchScreen.storyboard in Resources */ = {isa = PBXBuildFile; fileRef = FA06C37B24478E6D0011D3D9 /* LaunchScreen.storyboard */; };
		FA143431245A37B100F33D64 /* ButtonMenuViewController.swift in Sources */ = {isa = PBXBuildFile; fileRef = FA143430245A37B100F33D64 /* ButtonMenuViewController.swift */; };
		FA3F25A4245CBB21008FB1A8 /* KidsMealsViewController.swift in Sources */ = {isa = PBXBuildFile; fileRef = FA3F25A3245CBB21008FB1A8 /* KidsMealsViewController.swift */; };
		FA3F25A6245F513B008FB1A8 /* ValueMenuViewController.swift in Sources */ = {isa = PBXBuildFile; fileRef = FA3F25A5245F513B008FB1A8 /* ValueMenuViewController.swift */; };
		FA3F25A8245F5E38008FB1A8 /* DrinksMenuViewController.swift in Sources */ = {isa = PBXBuildFile; fileRef = FA3F25A7245F5E38008FB1A8 /* DrinksMenuViewController.swift */; };
		FA3F25AA2460E5C5008FB1A8 /* SidesViewController.swift in Sources */ = {isa = PBXBuildFile; fileRef = FA3F25A92460E5C5008FB1A8 /* SidesViewController.swift */; };
		FA3F25AC2460E5D1008FB1A8 /* ShakesViewController.swift in Sources */ = {isa = PBXBuildFile; fileRef = FA3F25AB2460E5D1008FB1A8 /* ShakesViewController.swift */; };
		FA3F25AE2460E5E4008FB1A8 /* BlastsViewController.swift in Sources */ = {isa = PBXBuildFile; fileRef = FA3F25AD2460E5E4008FB1A8 /* BlastsViewController.swift */; };
		FA3F25B02460E5FB008FB1A8 /* BurgersToastersViewController.swift in Sources */ = {isa = PBXBuildFile; fileRef = FA3F25AF2460E5FB008FB1A8 /* BurgersToastersViewController.swift */; };
		FA3F25B22460E616008FB1A8 /* FloatsViewController.swift in Sources */ = {isa = PBXBuildFile; fileRef = FA3F25B12460E616008FB1A8 /* FloatsViewController.swift */; };
		FA3F25B42460E621008FB1A8 /* CreamSlushViewController.swift in Sources */ = {isa = PBXBuildFile; fileRef = FA3F25B32460E621008FB1A8 /* CreamSlushViewController.swift */; };
		FA3F25B62460E62D008FB1A8 /* SlushesViewController.swift in Sources */ = {isa = PBXBuildFile; fileRef = FA3F25B52460E62D008FB1A8 /* SlushesViewController.swift */; };
		FA3F25B82460E661008FB1A8 /* FrozenFavViewController.swift in Sources */ = {isa = PBXBuildFile; fileRef = FA3F25B72460E661008FB1A8 /* FrozenFavViewController.swift */; };
		FA3F25BA2460F0D6008FB1A8 /* ChickenConeysViewController.swift in Sources */ = {isa = PBXBuildFile; fileRef = FA3F25B92460F0D6008FB1A8 /* ChickenConeysViewController.swift */; };
		FAF69C23245B577700B60DC0 /* CombosViewController.swift in Sources */ = {isa = PBXBuildFile; fileRef = FAF69C22245B577700B60DC0 /* CombosViewController.swift */; };
/* End PBXBuildFile section */

/* Begin PBXFileReference section */
		FA06C36D24478E690011D3D9 /* RestaurantPOS.app */ = {isa = PBXFileReference; explicitFileType = wrapper.application; includeInIndex = 0; path = RestaurantPOS.app; sourceTree = BUILT_PRODUCTS_DIR; };
		FA06C37024478E690011D3D9 /* AppDelegate.swift */ = {isa = PBXFileReference; lastKnownFileType = sourcecode.swift; path = AppDelegate.swift; sourceTree = "<group>"; };
		FA06C37224478E690011D3D9 /* SceneDelegate.swift */ = {isa = PBXFileReference; lastKnownFileType = sourcecode.swift; path = SceneDelegate.swift; sourceTree = "<group>"; };
		FA06C37424478E690011D3D9 /* ViewController.swift */ = {isa = PBXFileReference; lastKnownFileType = sourcecode.swift; path = ViewController.swift; sourceTree = "<group>"; };
		FA06C37724478E690011D3D9 /* Base */ = {isa = PBXFileReference; lastKnownFileType = file.storyboard; name = Base; path = Base.lproj/Main.storyboard; sourceTree = "<group>"; };
		FA06C37924478E6D0011D3D9 /* Assets.xcassets */ = {isa = PBXFileReference; lastKnownFileType = folder.assetcatalog; path = Assets.xcassets; sourceTree = "<group>"; };
		FA06C37C24478E6D0011D3D9 /* Base */ = {isa = PBXFileReference; lastKnownFileType = file.storyboard; name = Base; path = Base.lproj/LaunchScreen.storyboard; sourceTree = "<group>"; };
		FA06C37E24478E6D0011D3D9 /* Info.plist */ = {isa = PBXFileReference; lastKnownFileType = text.plist.xml; path = Info.plist; sourceTree = "<group>"; };
		FA143430245A37B100F33D64 /* ButtonMenuViewController.swift */ = {isa = PBXFileReference; lastKnownFileType = sourcecode.swift; path = ButtonMenuViewController.swift; sourceTree = "<group>"; };
		FA3F25A3245CBB21008FB1A8 /* KidsMealsViewController.swift */ = {isa = PBXFileReference; lastKnownFileType = sourcecode.swift; path = KidsMealsViewController.swift; sourceTree = "<group>"; };
		FA3F25A5245F513B008FB1A8 /* ValueMenuViewController.swift */ = {isa = PBXFileReference; lastKnownFileType = sourcecode.swift; path = ValueMenuViewController.swift; sourceTree = "<group>"; };
		FA3F25A7245F5E38008FB1A8 /* DrinksMenuViewController.swift */ = {isa = PBXFileReference; lastKnownFileType = sourcecode.swift; path = DrinksMenuViewController.swift; sourceTree = "<group>"; };
		FA3F25A92460E5C5008FB1A8 /* SidesViewController.swift */ = {isa = PBXFileReference; lastKnownFileType = sourcecode.swift; path = SidesViewController.swift; sourceTree = "<group>"; };
		FA3F25AB2460E5D1008FB1A8 /* ShakesViewController.swift */ = {isa = PBXFileReference; lastKnownFileType = sourcecode.swift; path = ShakesViewController.swift; sourceTree = "<group>"; };
		FA3F25AD2460E5E4008FB1A8 /* BlastsViewController.swift */ = {isa = PBXFileReference; lastKnownFileType = sourcecode.swift; path = BlastsViewController.swift; sourceTree = "<group>"; };
		FA3F25AF2460E5FB008FB1A8 /* BurgersToastersViewController.swift */ = {isa = PBXFileReference; lastKnownFileType = sourcecode.swift; path = BurgersToastersViewController.swift; sourceTree = "<group>"; };
		FA3F25B12460E616008FB1A8 /* FloatsViewController.swift */ = {isa = PBXFileReference; lastKnownFileType = sourcecode.swift; path = FloatsViewController.swift; sourceTree = "<group>"; };
		FA3F25B32460E621008FB1A8 /* CreamSlushViewController.swift */ = {isa = PBXFileReference; lastKnownFileType = sourcecode.swift; path = CreamSlushViewController.swift; sourceTree = "<group>"; };
		FA3F25B52460E62D008FB1A8 /* SlushesViewController.swift */ = {isa = PBXFileReference; lastKnownFileType = sourcecode.swift; path = SlushesViewController.swift; sourceTree = "<group>"; };
		FA3F25B72460E661008FB1A8 /* FrozenFavViewController.swift */ = {isa = PBXFileReference; lastKnownFileType = sourcecode.swift; path = FrozenFavViewController.swift; sourceTree = "<group>"; };
		FA3F25B92460F0D6008FB1A8 /* ChickenConeysViewController.swift */ = {isa = PBXFileReference; lastKnownFileType = sourcecode.swift; path = ChickenConeysViewController.swift; sourceTree = "<group>"; };
		FAF69C22245B577700B60DC0 /* CombosViewController.swift */ = {isa = PBXFileReference; lastKnownFileType = sourcecode.swift; path = CombosViewController.swift; sourceTree = "<group>"; };
/* End PBXFileReference section */

/* Begin PBXFrameworksBuildPhase section */
		FA06C36A24478E680011D3D9 /* Frameworks */ = {
			isa = PBXFrameworksBuildPhase;
			buildActionMask = 2147483647;
			files = (
			);
			runOnlyForDeploymentPostprocessing = 0;
		};
/* End PBXFrameworksBuildPhase section */

/* Begin PBXGroup section */
		FA06C36424478E680011D3D9 = {
			isa = PBXGroup;
			children = (
				FA06C36F24478E690011D3D9 /* RestaurantPOS */,
				FA06C36E24478E690011D3D9 /* Products */,
			);
			sourceTree = "<group>";
		};
		FA06C36E24478E690011D3D9 /* Products */ = {
			isa = PBXGroup;
			children = (
				FA06C36D24478E690011D3D9 /* RestaurantPOS.app */,
			);
			name = Products;
			sourceTree = "<group>";
		};
		FA06C36F24478E690011D3D9 /* RestaurantPOS */ = {
			isa = PBXGroup;
			children = (
				FA06C37024478E690011D3D9 /* AppDelegate.swift */,
				FA06C37224478E690011D3D9 /* SceneDelegate.swift */,
				FA06C37424478E690011D3D9 /* ViewController.swift */,
				FA143430245A37B100F33D64 /* ButtonMenuViewController.swift */,
				FAF69C22245B577700B60DC0 /* CombosViewController.swift */,
				FA3F25A7245F5E38008FB1A8 /* DrinksMenuViewController.swift */,
				FA3F25A3245CBB21008FB1A8 /* KidsMealsViewController.swift */,
				FA3F25A5245F513B008FB1A8 /* ValueMenuViewController.swift */,
				FA3F25A92460E5C5008FB1A8 /* SidesViewController.swift */,
				FA3F25AB2460E5D1008FB1A8 /* ShakesViewController.swift */,
				FA3F25AD2460E5E4008FB1A8 /* BlastsViewController.swift */,
				FA3F25AF2460E5FB008FB1A8 /* BurgersToastersViewController.swift */,
				FA3F25B12460E616008FB1A8 /* FloatsViewController.swift */,
				FA3F25B32460E621008FB1A8 /* CreamSlushViewController.swift */,
				FA3F25B52460E62D008FB1A8 /* SlushesViewController.swift */,
				FA3F25B72460E661008FB1A8 /* FrozenFavViewController.swift */,
				FA3F25B92460F0D6008FB1A8 /* ChickenConeysViewController.swift */,
				FA06C37624478E690011D3D9 /* Main.storyboard */,
				FA06C37924478E6D0011D3D9 /* Assets.xcassets */,
				FA06C37B24478E6D0011D3D9 /* LaunchScreen.storyboard */,
				FA06C37E24478E6D0011D3D9 /* Info.plist */,
			);
			path = RestaurantPOS;
			sourceTree = "<group>";
		};
/* End PBXGroup section */

/* Begin PBXNativeTarget section */
		FA06C36C24478E680011D3D9 /* RestaurantPOS */ = {
			isa = PBXNativeTarget;
			buildConfigurationList = FA06C38124478E6D0011D3D9 /* Build configuration list for PBXNativeTarget "RestaurantPOS" */;
			buildPhases = (
				FA06C36924478E680011D3D9 /* Sources */,
				FA06C36A24478E680011D3D9 /* Frameworks */,
				FA06C36B24478E680011D3D9 /* Resources */,
			);
			buildRules = (
			);
			dependencies = (
			);
			name = RestaurantPOS;
			productName = RestaurantPOS;
			productReference = FA06C36D24478E690011D3D9 /* RestaurantPOS.app */;
			productType = "com.apple.product-type.application";
		};
/* End PBXNativeTarget section */

/* Begin PBXProject section */
		FA06C36524478E680011D3D9 /* Project object */ = {
			isa = PBXProject;
			attributes = {
				LastSwiftUpdateCheck = 1130;
				LastUpgradeCheck = 1130;
				ORGANIZATIONNAME = "Alex Janci";
				TargetAttributes = {
					FA06C36C24478E680011D3D9 = {
						CreatedOnToolsVersion = 11.3.1;
					};
				};
			};
			buildConfigurationList = FA06C36824478E680011D3D9 /* Build configuration list for PBXProject "RestaurantPOS" */;
			compatibilityVersion = "Xcode 9.3";
			developmentRegion = en;
			hasScannedForEncodings = 0;
			knownRegions = (
				en,
				Base,
			);
			mainGroup = FA06C36424478E680011D3D9;
			productRefGroup = FA06C36E24478E690011D3D9 /* Products */;
			projectDirPath = "";
			projectRoot = "";
			targets = (
				FA06C36C24478E680011D3D9 /* RestaurantPOS */,
			);
		};
/* End PBXProject section */

/* Begin PBXResourcesBuildPhase section */
		FA06C36B24478E680011D3D9 /* Resources */ = {
			isa = PBXResourcesBuildPhase;
			buildActionMask = 2147483647;
			files = (
				FA06C37D24478E6D0011D3D9 /* LaunchScreen.storyboard in Resources */,
				FA06C37A24478E6D0011D3D9 /* Assets.xcassets in Resources */,
				FA06C37824478E690011D3D9 /* Main.storyboard in Resources */,
			);
			runOnlyForDeploymentPostprocessing = 0;
		};
/* End PBXResourcesBuildPhase section */

/* Begin PBXSourcesBuildPhase section */
		FA06C36924478E680011D3D9 /* Sources */ = {
			isa = PBXSourcesBuildPhase;
			buildActionMask = 2147483647;
			files = (
				FA3F25A8245F5E38008FB1A8 /* DrinksMenuViewController.swift in Sources */,
				FA3F25AA2460E5C5008FB1A8 /* SidesViewController.swift in Sources */,
				FA3F25AE2460E5E4008FB1A8 /* BlastsViewController.swift in Sources */,
				FA3F25B22460E616008FB1A8 /* FloatsViewController.swift in Sources */,
				FA06C37524478E690011D3D9 /* ViewController.swift in Sources */,
				FA3F25B02460E5FB008FB1A8 /* BurgersToastersViewController.swift in Sources */,
				FA3F25AC2460E5D1008FB1A8 /* ShakesViewController.swift in Sources */,
				FAF69C23245B577700B60DC0 /* CombosViewController.swift in Sources */,
				FA3F25B82460E661008FB1A8 /* FrozenFavViewController.swift in Sources */,
				FA143431245A37B100F33D64 /* ButtonMenuViewController.swift in Sources */,
				FA3F25B42460E621008FB1A8 /* CreamSlushViewController.swift in Sources */,
				FA3F25B62460E62D008FB1A8 /* SlushesViewController.swift in Sources */,
				FA06C37124478E690011D3D9 /* AppDelegate.swift in Sources */,
				FA3F25BA2460F0D6008FB1A8 /* ChickenConeysViewController.swift in Sources */,
				FA3F25A6245F513B008FB1A8 /* ValueMenuViewController.swift in Sources */,
				FA3F25A4245CBB21008FB1A8 /* KidsMealsViewController.swift in Sources */,
				FA06C37324478E690011D3D9 /* SceneDelegate.swift in Sources */,
			);
			runOnlyForDeploymentPostprocessing = 0;
		};
/* End PBXSourcesBuildPhase section */

/* Begin PBXVariantGroup section */
		FA06C37624478E690011D3D9 /* Main.storyboard */ = {
			isa = PBXVariantGroup;
			children = (
				FA06C37724478E690011D3D9 /* Base */,
			);
			name = Main.storyboard;
			sourceTree = "<group>";
		};
		FA06C37B24478E6D0011D3D9 /* LaunchScreen.storyboard */ = {
			isa = PBXVariantGroup;
			children = (
				FA06C37C24478E6D0011D3D9 /* Base */,
			);
			name = LaunchScreen.storyboard;
			sourceTree = "<group>";
		};
/* End PBXVariantGroup section */

/* Begin XCBuildConfiguration section */
		FA06C37F24478E6D0011D3D9 /* Debug */ = {
			isa = XCBuildConfiguration;
			buildSettings = {
				ALWAYS_SEARCH_USER_PATHS = NO;
				CLANG_ANALYZER_NONNULL = YES;
				CLANG_ANALYZER_NUMBER_OBJECT_CONVERSION = YES_AGGRESSIVE;
				CLANG_CXX_LANGUAGE_STANDARD = "gnu++14";
				CLANG_CXX_LIBRARY = "libc++";
				CLANG_ENABLE_MODULES = YES;
				CLANG_ENABLE_OBJC_ARC = YES;
				CLANG_ENABLE_OBJC_WEAK = YES;
				CLANG_WARN_BLOCK_CAPTURE_AUTORELEASING = YES;
				CLANG_WARN_BOOL_CONVERSION = YES;
				CLANG_WARN_COMMA = YES;
				CLANG_WARN_CONSTANT_CONVERSION = YES;
				CLANG_WARN_DEPRECATED_OBJC_IMPLEMENTATIONS = YES;
				CLANG_WARN_DIRECT_OBJC_ISA_USAGE = YES_ERROR;
				CLANG_WARN_DOCUMENTATION_COMMENTS = YES;
				CLANG_WARN_EMPTY_BODY = YES;
				CLANG_WARN_ENUM_CONVERSION = YES;
				CLANG_WARN_INFINITE_RECURSION = YES;
				CLANG_WARN_INT_CONVERSION = YES;
				CLANG_WARN_NON_LITERAL_NULL_CONVERSION = YES;
				CLANG_WARN_OBJC_IMPLICIT_RETAIN_SELF = YES;
				CLANG_WARN_OBJC_LITERAL_CONVERSION = YES;
				CLANG_WARN_OBJC_ROOT_CLASS = YES_ERROR;
				CLANG_WARN_RANGE_LOOP_ANALYSIS = YES;
				CLANG_WARN_STRICT_PROTOTYPES = YES;
				CLANG_WARN_SUSPICIOUS_MOVE = YES;
				CLANG_WARN_UNGUARDED_AVAILABILITY = YES_AGGRESSIVE;
				CLANG_WARN_UNREACHABLE_CODE = YES;
				CLANG_WARN__DUPLICATE_METHOD_MATCH = YES;
				COPY_PHASE_STRIP = NO;
				DEBUG_INFORMATION_FORMAT = dwarf;
				ENABLE_STRICT_OBJC_MSGSEND = YES;
				ENABLE_TESTABILITY = YES;
				GCC_C_LANGUAGE_STANDARD = gnu11;
				GCC_DYNAMIC_NO_PIC = NO;
				GCC_NO_COMMON_BLOCKS = YES;
				GCC_OPTIMIZATION_LEVEL = 0;
				GCC_PREPROCESSOR_DEFINITIONS = (
					"DEBUG=1",
					"$(inherited)",
				);
				GCC_WARN_64_TO_32_BIT_CONVERSION = YES;
				GCC_WARN_ABOUT_RETURN_TYPE = YES_ERROR;
				GCC_WARN_UNDECLARED_SELECTOR = YES;
				GCC_WARN_UNINITIALIZED_AUTOS = YES_AGGRESSIVE;
				GCC_WARN_UNUSED_FUNCTION = YES;
				GCC_WARN_UNUSED_VARIABLE = YES;
				IPHONEOS_DEPLOYMENT_TARGET = 13.2;
				MTL_ENABLE_DEBUG_INFO = INCLUDE_SOURCE;
				MTL_FAST_MATH = YES;
				ONLY_ACTIVE_ARCH = YES;
				SDKROOT = iphoneos;
				SWIFT_ACTIVE_COMPILATION_CONDITIONS = DEBUG;
				SWIFT_OPTIMIZATION_LEVEL = "-Onone";
			};
			name = Debug;
		};
		FA06C38024478E6D0011D3D9 /* Release */ = {
			isa = XCBuildConfiguration;
			buildSettings = {
				ALWAYS_SEARCH_USER_PATHS = NO;
				CLANG_ANALYZER_NONNULL = YES;
				CLANG_ANALYZER_NUMBER_OBJECT_CONVERSION = YES_AGGRESSIVE;
				CLANG_CXX_LANGUAGE_STANDARD = "gnu++14";
				CLANG_CXX_LIBRARY = "libc++";
				CLANG_ENABLE_MODULES = YES;
				CLANG_ENABLE_OBJC_ARC = YES;
				CLANG_ENABLE_OBJC_WEAK = YES;
				CLANG_WARN_BLOCK_CAPTURE_AUTORELEASING = YES;
				CLANG_WARN_BOOL_CONVERSION = YES;
				CLANG_WARN_COMMA = YES;
				CLANG_WARN_CONSTANT_CONVERSION = YES;
				CLANG_WARN_DEPRECATED_OBJC_IMPLEMENTATIONS = YES;
				CLANG_WARN_DIRECT_OBJC_ISA_USAGE = YES_ERROR;
				CLANG_WARN_DOCUMENTATION_COMMENTS = YES;
				CLANG_WARN_EMPTY_BODY = YES;
				CLANG_WARN_ENUM_CONVERSION = YES;
				CLANG_WARN_INFINITE_RECURSION = YES;
				CLANG_WARN_INT_CONVERSION = YES;
				CLANG_WARN_NON_LITERAL_NULL_CONVERSION = YES;
				CLANG_WARN_OBJC_IMPLICIT_RETAIN_SELF = YES;
				CLANG_WARN_OBJC_LITERAL_CONVERSION = YES;
				CLANG_WARN_OBJC_ROOT_CLASS = YES_ERROR;
				CLANG_WARN_RANGE_LOOP_ANALYSIS = YES;
				CLANG_WARN_STRICT_PROTOTYPES = YES;
				CLANG_WARN_SUSPICIOUS_MOVE = YES;
				CLANG_WARN_UNGUARDED_AVAILABILITY = YES_AGGRESSIVE;
				CLANG_WARN_UNREACHABLE_CODE = YES;
				CLANG_WARN__DUPLICATE_METHOD_MATCH = YES;
				COPY_PHASE_STRIP = NO;
				DEBUG_INFORMATION_FORMAT = "dwarf-with-dsym";
				ENABLE_NS_ASSERTIONS = NO;
				ENABLE_STRICT_OBJC_MSGSEND = YES;
				GCC_C_LANGUAGE_STANDARD = gnu11;
				GCC_NO_COMMON_BLOCKS = YES;
				GCC_WARN_64_TO_32_BIT_CONVERSION = YES;
				GCC_WARN_ABOUT_RETURN_TYPE = YES_ERROR;
				GCC_WARN_UNDECLARED_SELECTOR = YES;
				GCC_WARN_UNINITIALIZED_AUTOS = YES_AGGRESSIVE;
				GCC_WARN_UNUSED_FUNCTION = YES;
				GCC_WARN_UNUSED_VARIABLE = YES;
				IPHONEOS_DEPLOYMENT_TARGET = 13.2;
				MTL_ENABLE_DEBUG_INFO = NO;
				MTL_FAST_MATH = YES;
				SDKROOT = iphoneos;
				SWIFT_COMPILATION_MODE = wholemodule;
				SWIFT_OPTIMIZATION_LEVEL = "-O";
				VALIDATE_PRODUCT = YES;
			};
			name = Release;
		};
		FA06C38224478E6D0011D3D9 /* Debug */ = {
			isa = XCBuildConfiguration;
			buildSettings = {
				ASSETCATALOG_COMPILER_APPICON_NAME = AppIcon;
				CODE_SIGN_STYLE = Automatic;
				INFOPLIST_FILE = RestaurantPOS/Info.plist;
				LD_RUNPATH_SEARCH_PATHS = (
					"$(inherited)",
					"@executable_path/Frameworks",
				);
				PRODUCT_BUNDLE_IDENTIFIER = com.jancialex.RestaurantPOS;
				PRODUCT_NAME = "$(TARGET_NAME)";
				SWIFT_VERSION = 5.0;
				TARGETED_DEVICE_FAMILY = 2;
			};
			name = Debug;
		};
		FA06C38324478E6D0011D3D9 /* Release */ = {
			isa = XCBuildConfiguration;
			buildSettings = {
				ASSETCATALOG_COMPILER_APPICON_NAME = AppIcon;
				CODE_SIGN_STYLE = Automatic;
				INFOPLIST_FILE = RestaurantPOS/Info.plist;
				LD_RUNPATH_SEARCH_PATHS = (
					"$(inherited)",
					"@executable_path/Frameworks",
				);
				PRODUCT_BUNDLE_IDENTIFIER = com.jancialex.RestaurantPOS;
				PRODUCT_NAME = "$(TARGET_NAME)";
				SWIFT_VERSION = 5.0;
				TARGETED_DEVICE_FAMILY = 2;
			};
			name = Release;
		};
/* End XCBuildConfiguration section */

/* Begin XCConfigurationList section */
		FA06C36824478E680011D3D9 /* Build configuration list for PBXProject "RestaurantPOS" */ = {
			isa = XCConfigurationList;
			buildConfigurations = (
				FA06C37F24478E6D0011D3D9 /* Debug */,
				FA06C38024478E6D0011D3D9 /* Release */,
			);
			defaultConfigurationIsVisible = 0;
			defaultConfigurationName = Release;
		};
		FA06C38124478E6D0011D3D9 /* Build configuration list for PBXNativeTarget "RestaurantPOS" */ = {
			isa = XCConfigurationList;
			buildConfigurations = (
				FA06C38224478E6D0011D3D9 /* Debug */,
				FA06C38324478E6D0011D3D9 /* Release */,
			);
			defaultConfigurationIsVisible = 0;
			defaultConfigurationName = Release;
		};
/* End XCConfigurationList section */
	};
	rootObject = FA06C36524478E680011D3D9 /* Project object */;
}
